
Microsoft Visual Studio Solution File, Format Version 12.00
# Visual Studio Version 16
VisualStudioVersion = 16.0.29613.14
MinimumVisualStudioVersion = 10.0.40219.1
Project("{8BC9CEB8-8B4A-11D0-8D11-00A0C91BC942}") = "8.1", "8.1\8.1.vcxproj", "{AA1C1B08-2790-4CE4-BBD2-5537E2518308}"
EndProject
Project("{8BC9CEB8-8B4A-11D0-8D11-00A0C91BC942}") = "8.2", "8.2\8.2.vcxproj", "{418620DE-A0A4-486B-B4ED-48CE0E9CA339}"
EndProject
Project("{8BC9CEB8-8B4A-11D0-8D11-00A0C91BC942}") = "8.3", "8.3\8.3.vcxproj", "{2DD509D8-5380-44B3-952F-469A79450E9B}"
EndProject
Project("{8BC9CEB8-8B4A-11D0-8D11-00A0C91BC942}") = "8.4", "8.4\8.4.vcxproj", "{9FBF93C5-57C3-4093-BD0F-B42E9BE10FD4}"
EndProject
Project("{8BC9CEB8-8B4A-11D0-8D11-00A0C91BC942}") = "8.5", "8.5\8.5.vcxproj", "{BB56897F-EE14-4BD8-BDA0-049EB5B0C61F}"
EndProject
Project("{8BC9CEB8-8B4A-11D0-8D11-00A0C91BC942}") = "8.6", "8.6\8.6.vcxproj", "{F575DC0E-820F-4384-ACC7-01C297B29B8D}"
EndProject
Project("{8BC9CEB8-8B4A-11D0-8D11-00A0C91BC942}") = "8.7", "8.7\8.7.vcxproj", "{143061B1-6482-4B1A-8E7D-D0A9FC366F2C}"
EndProject
Global
	GlobalSection(SolutionConfigurationPlatforms) = preSolution
		Debug|x64 = Debug|x64
		Debug|x86 = Debug|x86
		Release|x64 = Release|x64
		Release|x86 = Release|x86
	EndGlobalSection
	GlobalSection(ProjectConfigurationPlatforms) = postSolution
		{AA1C1B08-2790-4CE4-BBD2-5537E2518308}.Debug|x64.ActiveCfg = Debug|x64
		{AA1C1B08-2790-4CE4-BBD2-5537E2518308}.Debug|x64.Build.0 = Debug|x64
		{AA1C1B08-2790-4CE4-BBD2-5537E2518308}.Debug|x86.ActiveCfg = Debug|Win32
		{AA1C1B08-2790-4CE4-BBD2-5537E2518308}.Debug|x86.Build.0 = Debug|Win32
		{AA1C1B08-2790-4CE4-BBD2-5537E2518308}.Release|x64.ActiveCfg = Release|x64
		{AA1C1B08-2790-4CE4-BBD2-5537E2518308}.Release|x64.Build.0 = Release|x64
		{AA1C1B08-2790-4CE4-BBD2-5537E2518308}.Release|x86.ActiveCfg = Release|Win32
		{AA1C1B08-2790-4CE4-BBD2-5537E2518308}.Release|x86.Build.0 = Release|Win32
		{418620DE-A0A4-486B-B4ED-48CE0E9CA339}.Debug|x64.ActiveCfg = Debug|x64
		{418620DE-A0A4-486B-B4ED-48CE0E9CA339}.Debug|x64.Build.0 = Debug|x64
		{418620DE-A0A4-486B-B4ED-48CE0E9CA339}.Debug|x86.ActiveCfg = Debug|Win32
		{418620DE-A0A4-486B-B4ED-48CE0E9CA339}.Debug|x86.Build.0 = Debug|Win32
		{418620DE-A0A4-486B-B4ED-48CE0E9CA339}.Release|x64.ActiveCfg = Release|x64
		{418620DE-A0A4-486B-B4ED-48CE0E9CA339}.Release|x64.Build.0 = Release|x64
		{418620DE-A0A4-486B-B4ED-48CE0E9CA339}.Release|x86.ActiveCfg = Release|Win32
		{418620DE-A0A4-486B-B4ED-48CE0E9CA339}.Release|x86.Build.0 = Release|Win32
		{2DD509D8-5380-44B3-952F-469A79450E9B}.Debug|x64.ActiveCfg = Debug|x64
		{2DD509D8-5380-44B3-952F-469A79450E9B}.Debug|x64.Build.0 = Debug|x64
		{2DD509D8-5380-44B3-952F-469A79450E9B}.Debug|x86.ActiveCfg = Debug|Win32
		{2DD509D8-5380-44B3-952F-469A79450E9B}.Debug|x86.Build.0 = Debug|Win32
		{2DD509D8-5380-44B3-952F-469A79450E9B}.Release|x64.ActiveCfg = Release|x64
		{2DD509D8-5380-44B3-952F-469A79450E9B}.Release|x64.Build.0 = Release|x64
		{2DD509D8-5380-44B3-952F-469A79450E9B}.Release|x86.ActiveCfg = Release|Win32
		{2DD509D8-5380-44B3-952F-469A79450E9B}.Release|x86.Build.0 = Release|Win32
		{9FBF93C5-57C3-4093-BD0F-B42E9BE10FD4}.Debug|x64.ActiveCfg = Debug|x64
		{9FBF93C5-57C3-4093-BD0F-B42E9BE10FD4}.Debug|x64.Build.0 = Debug|x64
		{9FBF93C5-57C3-4093-BD0F-B42E9BE10FD4}.Debug|x86.ActiveCfg = Debug|Win32
		{9FBF93C5-57C3-4093-BD0F-B42E9BE10FD4}.Debug|x86.Build.0 = Debug|Win32
		{9FBF93C5-57C3-4093-BD0F-B42E9BE10FD4}.Release|x64.ActiveCfg = Release|x64
		{9FBF93C5-57C3-4093-BD0F-B42E9BE10FD4}.Release|x64.Build.0 = Release|x64
		{9FBF93C5-57C3-4093-BD0F-B42E9BE10FD4}.Release|x86.ActiveCfg = Release|Win32
		{9FBF93C5-57C3-4093-BD0F-B42E9BE10FD4}.Release|x86.Build.0 = Release|Win32
		{BB56897F-EE14-4BD8-BDA0-049EB5B0C61F}.Debug|x64.ActiveCfg = Debug|x64
		{BB56897F-EE14-4BD8-BDA0-049EB5B0C61F}.Debug|x64.Build.0 = Debug|x64
		{BB56897F-EE14-4BD8-BDA0-049EB5B0C61F}.Debug|x86.ActiveCfg = Debug|Win32
		{BB56897F-EE14-4BD8-BDA0-049EB5B0C61F}.Debug|x86.Build.0 = Debug|Win32
		{BB56897F-EE14-4BD8-BDA0-049EB5B0C61F}.Release|x64.ActiveCfg = Release|x64
		{BB56897F-EE14-4BD8-BDA0-049EB5B0C61F}.Release|x64.Build.0 = Release|x64
		{BB56897F-EE14-4BD8-BDA0-049EB5B0C61F}.Release|x86.ActiveCfg = Release|Win32
		{BB56897F-EE14-4BD8-BDA0-049EB5B0C61F}.Release|x86.Build.0 = Release|Win32
		{F575DC0E-820F-4384-ACC7-01C297B29B8D}.Debug|x64.ActiveCfg = Debug|x64
		{F575DC0E-820F-4384-ACC7-01C297B29B8D}.Debug|x64.Build.0 = Debug|x64
		{F575DC0E-820F-4384-ACC7-01C297B29B8D}.Debug|x86.ActiveCfg = Debug|Win32
		{F575DC0E-820F-4384-ACC7-01C297B29B8D}.Debug|x86.Build.0 = Debug|Win32
		{F575DC0E-820F-4384-ACC7-01C297B29B8D}.Release|x64.ActiveCfg = Release|x64
		{F575DC0E-820F-4384-ACC7-01C297B29B8D}.Release|x64.Build.0 = Release|x64
		{F575DC0E-820F-4384-ACC7-01C297B29B8D}.Release|x86.ActiveCfg = Release|Win32
		{F575DC0E-820F-4384-ACC7-01C297B29B8D}.Release|x86.Build.0 = Release|Win32
		{143061B1-6482-4B1A-8E7D-D0A9FC366F2C}.Debug|x64.ActiveCfg = Debug|x64
		{143061B1-6482-4B1A-8E7D-D0A9FC366F2C}.Debug|x64.Build.0 = Debug|x64
		{143061B1-6482-4B1A-8E7D-D0A9FC366F2C}.Debug|x86.ActiveCfg = Debug|Win32
		{143061B1-6482-4B1A-8E7D-D0A9FC366F2C}.Debug|x86.Build.0 = Debug|Win32
		{143061B1-6482-4B1A-8E7D-D0A9FC366F2C}.Release|x64.ActiveCfg = Release|x64
		{143061B1-6482-4B1A-8E7D-D0A9FC366F2C}.Release|x64.Build.0 = Release|x64
		{143061B1-6482-4B1A-8E7D-D0A9FC366F2C}.Release|x86.ActiveCfg = Release|Win32
		{143061B1-6482-4B1A-8E7D-D0A9FC366F2C}.Release|x86.Build.0 = Release|Win32
	EndGlobalSection
	GlobalSection(SolutionProperties) = preSolution
		HideSolutionNode = FALSE
	EndGlobalSection
	GlobalSection(ExtensibilityGlobals) = postSolution
		SolutionGuid = {33A987DA-35B0-46C0-8EE5-7065279A875D}
	EndGlobalSection
EndGlobal
